// !$*UTF8*$!
{
	archiveVersion = 1;
	classes = {
	};
	objectVersion = 50;
	objects = {

/* Begin PBXBuildFile section */
		AAF6EDDB25472C3600C464E2 /* AppDelegate.swift in Sources */ = {isa = PBXBuildFile; fileRef = AAF6EDDA25472C3600C464E2 /* AppDelegate.swift */; };
		AAF6EDDD25472C3600C464E2 /* art.scnassets in Resources */ = {isa = PBXBuildFile; fileRef = AAF6EDDC25472C3600C464E2 /* art.scnassets */; };
		AAF6EDDF25472C3600C464E2 /* ViewController.swift in Sources */ = {isa = PBXBuildFile; fileRef = AAF6EDDE25472C3600C464E2 /* ViewController.swift */; };
		AAF6EDE225472C3600C464E2 /* Main.storyboard in Resources */ = {isa = PBXBuildFile; fileRef = AAF6EDE025472C3600C464E2 /* Main.storyboard */; };
		AAF6EDE425472C3A00C464E2 /* Assets.xcassets in Resources */ = {isa = PBXBuildFile; fileRef = AAF6EDE325472C3A00C464E2 /* Assets.xcassets */; };
		AAF6EDE725472C3A00C464E2 /* LaunchScreen.storyboard in Resources */ = {isa = PBXBuildFile; fileRef = AAF6EDE525472C3A00C464E2 /* LaunchScreen.storyboard */; };
/* End PBXBuildFile section */

/* Begin PBXFileReference section */
		AAF6EDD725472C3600C464E2 /* RealidadAumentada2.app */ = {isa = PBXFileReference; explicitFileType = wrapper.application; includeInIndex = 0; path = RealidadAumentada2.app; sourceTree = BUILT_PRODUCTS_DIR; };
		AAF6EDDA25472C3600C464E2 /* AppDelegate.swift */ = {isa = PBXFileReference; lastKnownFileType = sourcecode.swift; path = AppDelegate.swift; sourceTree = "<group>"; };
		AAF6EDDC25472C3600C464E2 /* art.scnassets */ = {isa = PBXFileReference; lastKnownFileType = wrapper.scnassets; path = art.scnassets; sourceTree = "<group>"; };
		AAF6EDDE25472C3600C464E2 /* ViewController.swift */ = {isa = PBXFileReference; lastKnownFileType = sourcecode.swift; path = ViewController.swift; sourceTree = "<group>"; };
		AAF6EDE125472C3600C464E2 /* Base */ = {isa = PBXFileReference; lastKnownFileType = file.storyboard; name = Base; path = Base.lproj/Main.storyboard; sourceTree = "<group>"; };
		AAF6EDE325472C3A00C464E2 /* Assets.xcassets */ = {isa = PBXFileReference; lastKnownFileType = folder.assetcatalog; path = Assets.xcassets; sourceTree = "<group>"; };
		AAF6EDE625472C3A00C464E2 /* Base */ = {isa = PBXFileReference; lastKnownFileType = file.storyboard; name = Base; path = Base.lproj/LaunchScreen.storyboard; sourceTree = "<group>"; };
		AAF6EDE825472C3A00C464E2 /* Info.plist */ = {isa = PBXFileReference; lastKnownFileType = text.plist.xml; path = Info.plist; sourceTree = "<group>"; };
/* End PBXFileReference section */

/* Begin PBXFrameworksBuildPhase section */
		AAF6EDD425472C3600C464E2 /* Frameworks */ = {
			isa = PBXFrameworksBuildPhase;
			buildActionMask = 2147483647;
			files = (
			);
			runOnlyForDeploymentPostprocessing = 0;
		};
/* End PBXFrameworksBuildPhase section */

/* Begin PBXGroup section */
		AAF6EDCE25472C3600C464E2 = {
			isa = PBXGroup;
			children = (
				AAF6EDD925472C3600C464E2 /* RealidadAumentada2 */,
				AAF6EDD825472C3600C464E2 /* Products */,
			);
			sourceTree = "<group>";
		};
		AAF6EDD825472C3600C464E2 /* Products */ = {
			isa = PBXGroup;
			children = (
				AAF6EDD725472C3600C464E2 /* RealidadAumentada2.app */,
			);
			name = Products;
			sourceTree = "<group>";
		};
		AAF6EDD925472C3600C464E2 /* RealidadAumentada2 */ = {
			isa = PBXGroup;
			children = (
				AAF6EDDA25472C3600C464E2 /* AppDelegate.swift */,
				AAF6EDDC25472C3600C464E2 /* art.scnassets */,
				AAF6EDDE25472C3600C464E2 /* ViewController.swift */,
				AAF6EDE025472C3600C464E2 /* Main.storyboard */,
				AAF6EDE325472C3A00C464E2 /* Assets.xcassets */,
				AAF6EDE525472C3A00C464E2 /* LaunchScreen.storyboard */,
				AAF6EDE825472C3A00C464E2 /* Info.plist */,
			);
			path = RealidadAumentada2;
			sourceTree = "<group>";
		};
/* End PBXGroup section */

/* Begin PBXNativeTarget section */
		AAF6EDD625472C3600C464E2 /* RealidadAumentada2 */ = {
			isa = PBXNativeTarget;
			buildConfigurationList = AAF6EDEB25472C3A00C464E2 /* Build configuration list for PBXNativeTarget "RealidadAumentada2" */;
			buildPhases = (
				AAF6EDD325472C3600C464E2 /* Sources */,
				AAF6EDD425472C3600C464E2 /* Frameworks */,
				AAF6EDD525472C3600C464E2 /* Resources */,
			);
			buildRules = (
			);
			dependencies = (
			);
			name = RealidadAumentada2;
			productName = RealidadAumentada2;
			productReference = AAF6EDD725472C3600C464E2 /* RealidadAumentada2.app */;
			productType = "com.apple.product-type.application";
		};
/* End PBXNativeTarget section */

/* Begin PBXProject section */
		AAF6EDCF25472C3600C464E2 /* Project object */ = {
			isa = PBXProject;
			attributes = {
				LastSwiftUpdateCheck = 1170;
				LastUpgradeCheck = 1200;
				ORGANIZATIONNAME = Erwin;
				TargetAttributes = {
					AAF6EDD625472C3600C464E2 = {
						CreatedOnToolsVersion = 11.7;
					};
				};
			};
			buildConfigurationList = AAF6EDD225472C3600C464E2 /* Build configuration list for PBXProject "RealidadAumentada2" */;
			compatibilityVersion = "Xcode 9.3";
			developmentRegion = en;
			hasScannedForEncodings = 0;
			knownRegions = (
				en,
				Base,
			);
			mainGroup = AAF6EDCE25472C3600C464E2;
			productRefGroup = AAF6EDD825472C3600C464E2 /* Products */;
			projectDirPath = "";
			projectRoot = "";
			targets = (
				AAF6EDD625472C3600C464E2 /* RealidadAumentada2 */,
			);
		};
/* End PBXProject section */

/* Begin PBXResourcesBuildPhase section */
		AAF6EDD525472C3600C464E2 /* Resources */ = {
			isa = PBXResourcesBuildPhase;
			buildActionMask = 2147483647;
			files = (
				AAF6EDDD25472C3600C464E2 /* art.scnassets in Resources */,
				AAF6EDE725472C3A00C464E2 /* LaunchScreen.storyboard in Resources */,
				AAF6EDE425472C3A00C464E2 /* Assets.xcassets in Resources */,
				AAF6EDE225472C3600C464E2 /* Main.storyboard in Resources */,
			);
			runOnlyForDeploymentPostprocessing = 0;
		};
/* End PBXResourcesBuildPhase section */

/* Begin PBXSourcesBuildPhase section */
		AAF6EDD325472C3600C464E2 /* Sources */ = {
			isa = PBXSourcesBuildPhase;
			buildActionMask = 2147483647;
			files = (
				AAF6EDDF25472C3600C464E2 /* ViewController.swift in Sources */,
				AAF6EDDB25472C3600C464E2 /* AppDelegate.swift in Sources */,
			);
			runOnlyForDeploymentPostprocessing = 0;
		};
/* End PBXSourcesBuildPhase section */

/* Begin PBXVariantGroup section */
		AAF6EDE025472C3600C464E2 /* Main.storyboard */ = {
			isa = PBXVariantGroup;
			children = (
				AAF6EDE125472C3600C464E2 /* Base */,
			);
			name = Main.storyboard;
			sourceTree = "<group>";
		};
		AAF6EDE525472C3A00C464E2 /* LaunchScreen.storyboard */ = {
			isa = PBXVariantGroup;
			children = (
				AAF6EDE625472C3A00C464E2 /* Base */,
			);
			name = LaunchScreen.storyboard;
			sourceTree = "<group>";
		};
/* End PBXVariantGroup section */

/* Begin XCBuildConfiguration section */
		AAF6EDE925472C3A00C464E2 /* Debug */ = {
			isa = XCBuildConfiguration;
			buildSettings = {
				ALWAYS_SEARCH_USER_PATHS = NO;
				CLANG_ANALYZER_NONNULL = YES;
				CLANG_ANALYZER_NUMBER_OBJECT_CONVERSION = YES_AGGRESSIVE;
				CLANG_CXX_LANGUAGE_STANDARD = "gnu++14";
				CLANG_CXX_LIBRARY = "libc++";
				CLANG_ENABLE_MODULES = YES;
				CLANG_ENABLE_OBJC_ARC = YES;
				CLANG_ENABLE_OBJC_WEAK = YES;
				CLANG_WARN_BLOCK_CAPTURE_AUTORELEASING = YES;
				CLANG_WARN_BOOL_CONVERSION = YES;
				CLANG_WARN_COMMA = YES;
				CLANG_WARN_CONSTANT_CONVERSION = YES;
				CLANG_WARN_DEPRECATED_OBJC_IMPLEMENTATIONS = YES;
				CLANG_WARN_DIRECT_OBJC_ISA_USAGE = YES_ERROR;
				CLANG_WARN_DOCUMENTATION_COMMENTS = YES;
				CLANG_WARN_EMPTY_BODY = YES;
				CLANG_WARN_ENUM_CONVERSION = YES;
				CLANG_WARN_INFINITE_RECURSION = YES;
				CLANG_WARN_INT_CONVERSION = YES;
				CLANG_WARN_NON_LITERAL_NULL_CONVERSION = YES;
				CLANG_WARN_OBJC_IMPLICIT_RETAIN_SELF = YES;
				CLANG_WARN_OBJC_LITERAL_CONVERSION = YES;
				CLANG_WARN_OBJC_ROOT_CLASS = YES_ERROR;
				CLANG_WARN_QUOTED_INCLUDE_IN_FRAMEWORK_HEADER = YES;
				CLANG_WARN_RANGE_LOOP_ANALYSIS = YES;
				CLANG_WARN_STRICT_PROTOTYPES = YES;
				CLANG_WARN_SUSPICIOUS_MOVE = YES;
				CLANG_WARN_UNGUARDED_AVAILABILITY = YES_AGGRESSIVE;
				CLANG_WARN_UNREACHABLE_CODE = YES;
				CLANG_WARN__DUPLICATE_METHOD_MATCH = YES;
				COPY_PHASE_STRIP = NO;
				DEBUG_INFORMATION_FORMAT = dwarf;
				ENABLE_STRICT_OBJC_MSGSEND = YES;
				ENABLE_TESTABILITY = YES;
				GCC_C_LANGUAGE_STANDARD = gnu11;
				GCC_DYNAMIC_NO_PIC = NO;
				GCC_NO_COMMON_BLOCKS = YES;
				GCC_OPTIMIZATION_LEVEL = 0;
				GCC_PREPROCESSOR_DEFINITIONS = (
					"DEBUG=1",
					"$(inherited)",
				);
				GCC_WARN_64_TO_32_BIT_CONVERSION = YES;
				GCC_WARN_ABOUT_RETURN_TYPE = YES_ERROR;
				GCC_WARN_UNDECLARED_SELECTOR = YES;
				GCC_WARN_UNINITIALIZED_AUTOS = YES_AGGRESSIVE;
				GCC_WARN_UNUSED_FUNCTION = YES;
				GCC_WARN_UNUSED_VARIABLE = YES;
				IPHONEOS_DEPLOYMENT_TARGET = 13.7;
				MTL_ENABLE_DEBUG_INFO = INCLUDE_SOURCE;
				MTL_FAST_MATH = YES;
				ONLY_ACTIVE_ARCH = YES;
				SDKROOT = iphoneos;
				SWIFT_ACTIVE_COMPILATION_CONDITIONS = DEBUG;
				SWIFT_OPTIMIZATION_LEVEL = "-Onone";
			};
			name = Debug;
		};
		AAF6EDEA25472C3A00C464E2 /* Release */ = {
			isa = XCBuildConfiguration;
			buildSettings = {
				ALWAYS_SEARCH_USER_PATHS = NO;
				CLANG_ANALYZER_NONNULL = YES;
				CLANG_ANALYZER_NUMBER_OBJECT_CONVERSION = YES_AGGRESSIVE;
				CLANG_CXX_LANGUAGE_STANDARD = "gnu++14";
				CLANG_CXX_LIBRARY = "libc++";
				CLANG_ENABLE_MODULES = YES;
				CLANG_ENABLE_OBJC_ARC = YES;
				CLANG_ENABLE_OBJC_WEAK = YES;
				CLANG_WARN_BLOCK_CAPTURE_AUTORELEASING = YES;
				CLANG_WARN_BOOL_CONVERSION = YES;
				CLANG_WARN_COMMA = YES;
				CLANG_WARN_CONSTANT_CONVERSION = YES;
				CLANG_WARN_DEPRECATED_OBJC_IMPLEMENTATIONS = YES;
				CLANG_WARN_DIRECT_OBJC_ISA_USAGE = YES_ERROR;
				CLANG_WARN_DOCUMENTATION_COMMENTS = YES;
				CLANG_WARN_EMPTY_BODY = YES;
				CLANG_WARN_ENUM_CONVERSION = YES;
				CLANG_WARN_INFINITE_RECURSION = YES;
				CLANG_WARN_INT_CONVERSION = YES;
				CLANG_WARN_NON_LITERAL_NULL_CONVERSION = YES;
				CLANG_WARN_OBJC_IMPLICIT_RETAIN_SELF = YES;
				CLANG_WARN_OBJC_LITERAL_CONVERSION = YES;
				CLANG_WARN_OBJC_ROOT_CLASS = YES_ERROR;
				CLANG_WARN_QUOTED_INCLUDE_IN_FRAMEWORK_HEADER = YES;
				CLANG_WARN_RANGE_LOOP_ANALYSIS = YES;
				CLANG_WARN_STRICT_PROTOTYPES = YES;
				CLANG_WARN_SUSPICIOUS_MOVE = YES;
				CLANG_WARN_UNGUARDED_AVAILABILITY = YES_AGGRESSIVE;
				CLANG_WARN_UNREACHABLE_CODE = YES;
				CLANG_WARN__DUPLICATE_METHOD_MATCH = YES;
				COPY_PHASE_STRIP = NO;
				DEBUG_INFORMATION_FORMAT = "dwarf-with-dsym";
				ENABLE_NS_ASSERTIONS = NO;
				ENABLE_STRICT_OBJC_MSGSEND = YES;
				GCC_C_LANGUAGE_STANDARD = gnu11;
				GCC_NO_COMMON_BLOCKS = YES;
				GCC_WARN_64_TO_32_BIT_CONVERSION = YES;
				GCC_WARN_ABOUT_RETURN_TYPE = YES_ERROR;
				GCC_WARN_UNDECLARED_SELECTOR = YES;
				GCC_WARN_UNINITIALIZED_AUTOS = YES_AGGRESSIVE;
				GCC_WARN_UNUSED_FUNCTION = YES;
				GCC_WARN_UNUSED_VARIABLE = YES;
				IPHONEOS_DEPLOYMENT_TARGET = 13.7;
				MTL_ENABLE_DEBUG_INFO = NO;
				MTL_FAST_MATH = YES;
				SDKROOT = iphoneos;
				SWIFT_COMPILATION_MODE = wholemodule;
				SWIFT_OPTIMIZATION_LEVEL = "-O";
				VALIDATE_PRODUCT = YES;
			};
			name = Release;
		};
		AAF6EDEC25472C3A00C464E2 /* Debug */ = {
			isa = XCBuildConfiguration;
			buildSettings = {
				ASSETCATALOG_COMPILER_APPICON_NAME = AppIcon;
				CODE_SIGN_STYLE = Automatic;
				DEVELOPMENT_TEAM = 9TPTHP2V2G;
				INFOPLIST_FILE = RealidadAumentada2/Info.plist;
				LD_RUNPATH_SEARCH_PATHS = (
					"$(inherited)",
					"@executable_path/Frameworks",
				);
				PRODUCT_BUNDLE_IDENTIFIER = com.bugsoft.RealidadAumentada2;
				PRODUCT_NAME = "$(TARGET_NAME)";
				SWIFT_VERSION = 5.0;
				TARGETED_DEVICE_FAMILY = "1,2";
			};
			name = Debug;
		};
		AAF6EDED25472C3A00C464E2 /* Release */ = {
			isa = XCBuildConfiguration;
			buildSettings = {
				ASSETCATALOG_COMPILER_APPICON_NAME = AppIcon;
				CODE_SIGN_STYLE = Automatic;
				DEVELOPMENT_TEAM = 9TPTHP2V2G;
				INFOPLIST_FILE = RealidadAumentada2/Info.plist;
				LD_RUNPATH_SEARCH_PATHS = (
					"$(inherited)",
					"@executable_path/Frameworks",
				);
				PRODUCT_BUNDLE_IDENTIFIER = com.bugsoft.RealidadAumentada2;
				PRODUCT_NAME = "$(TARGET_NAME)";
				SWIFT_VERSION = 5.0;
				TARGETED_DEVICE_FAMILY = "1,2";
			};
			name = Release;
		};
/* End XCBuildConfiguration section */

/* Begin XCConfigurationList section */
		AAF6EDD225472C3600C464E2 /* Build configuration list for PBXProject "RealidadAumentada2" */ = {
			isa = XCConfigurationList;
			buildConfigurations = (
				AAF6EDE925472C3A00C464E2 /* Debug */,
				AAF6EDEA25472C3A00C464E2 /* Release */,
			);
			defaultConfigurationIsVisible = 0;
			defaultConfigurationName = Release;
		};
		AAF6EDEB25472C3A00C464E2 /* Build configuration list for PBXNativeTarget "RealidadAumentada2" */ = {
			isa = XCConfigurationList;
			buildConfigurations = (
				AAF6EDEC25472C3A00C464E2 /* Debug */,
				AAF6EDED25472C3A00C464E2 /* Release */,
			);
			defaultConfigurationIsVisible = 0;
			defaultConfigurationName = Release;
		};
/* End XCConfigurationList section */
	};
	rootObject = AAF6EDCF25472C3600C464E2 /* Project object */;
}
